// !$*UTF8*$!
{
	archiveVersion = 1;
	classes = {
	};
	objectVersion = 56;
	objects = {

/* Begin PBXBuildFile section */
		19E20F2C2B34903E00461102 /* AppDelegate.swift in Sources */ = {isa = PBXBuildFile; fileRef = 19E20F2B2B34903E00461102 /* AppDelegate.swift */; };
		19E20F2E2B34903E00461102 /* SceneDelegate.swift in Sources */ = {isa = PBXBuildFile; fileRef = 19E20F2D2B34903E00461102 /* SceneDelegate.swift */; };
		19E20F302B34903E00461102 /* ViewController.swift in Sources */ = {isa = PBXBuildFile; fileRef = 19E20F2F2B34903E00461102 /* ViewController.swift */; };
		19E20F332B34903E00461102 /* Main.storyboard in Resources */ = {isa = PBXBuildFile; fileRef = 19E20F312B34903E00461102 /* Main.storyboard */; };
		19E20F352B34904000461102 /* Assets.xcassets in Resources */ = {isa = PBXBuildFile; fileRef = 19E20F342B34904000461102 /* Assets.xcassets */; };
		19E20F492B34985C00461102 /* UserRemoteDataSource.swift in Sources */ = {isa = PBXBuildFile; fileRef = 19E20F482B34985C00461102 /* UserRemoteDataSource.swift */; };
		19E20F4C2B34990700461102 /* Alamofire in Frameworks */ = {isa = PBXBuildFile; productRef = 19E20F4B2B34990700461102 /* Alamofire */; };
/* End PBXBuildFile section */

/* Begin PBXFileReference section */
		19E20F282B34903E00461102 /* Project SALT.app */ = {isa = PBXFileReference; explicitFileType = wrapper.application; includeInIndex = 0; path = "Project SALT.app"; sourceTree = BUILT_PRODUCTS_DIR; };
		19E20F2B2B34903E00461102 /* AppDelegate.swift */ = {isa = PBXFileReference; lastKnownFileType = sourcecode.swift; path = AppDelegate.swift; sourceTree = "<group>"; };
		19E20F2D2B34903E00461102 /* SceneDelegate.swift */ = {isa = PBXFileReference; lastKnownFileType = sourcecode.swift; path = SceneDelegate.swift; sourceTree = "<group>"; };
		19E20F2F2B34903E00461102 /* ViewController.swift */ = {isa = PBXFileReference; lastKnownFileType = sourcecode.swift; path = ViewController.swift; sourceTree = "<group>"; };
		19E20F322B34903E00461102 /* Base */ = {isa = PBXFileReference; lastKnownFileType = file.storyboard; name = Base; path = Base.lproj/Main.storyboard; sourceTree = "<group>"; };
		19E20F342B34904000461102 /* Assets.xcassets */ = {isa = PBXFileReference; lastKnownFileType = folder.assetcatalog; path = Assets.xcassets; sourceTree = "<group>"; };
		19E20F392B34904000461102 /* Info.plist */ = {isa = PBXFileReference; lastKnownFileType = text.plist.xml; path = Info.plist; sourceTree = "<group>"; };
		19E20F482B34985C00461102 /* UserRemoteDataSource.swift */ = {isa = PBXFileReference; lastKnownFileType = sourcecode.swift; path = UserRemoteDataSource.swift; sourceTree = "<group>"; };
/* End PBXFileReference section */

/* Begin PBXFrameworksBuildPhase section */
		19E20F252B34903E00461102 /* Frameworks */ = {
			isa = PBXFrameworksBuildPhase;
			buildActionMask = 2147483647;
			files = (
				19E20F4C2B34990700461102 /* Alamofire in Frameworks */,
			);
			runOnlyForDeploymentPostprocessing = 0;
		};
/* End PBXFrameworksBuildPhase section */

/* Begin PBXGroup section */
		19E20F1F2B34903E00461102 = {
			isa = PBXGroup;
			children = (
				19E20F2A2B34903E00461102 /* Project SALT */,
				19E20F292B34903E00461102 /* Products */,
			);
			sourceTree = "<group>";
		};
		19E20F292B34903E00461102 /* Products */ = {
			isa = PBXGroup;
			children = (
				19E20F282B34903E00461102 /* Project SALT.app */,
			);
			name = Products;
			sourceTree = "<group>";
		};
		19E20F2A2B34903E00461102 /* Project SALT */ = {
			isa = PBXGroup;
			children = (
				19E20F3F2B34976E00461102 /* Module */,
				19E20F312B34903E00461102 /* Main.storyboard */,
				19E20F342B34904000461102 /* Assets.xcassets */,
				19E20F392B34904000461102 /* Info.plist */,
			);
			path = "Project SALT";
			sourceTree = "<group>";
		};
		19E20F3F2B34976E00461102 /* Module */ = {
			isa = PBXGroup;
			children = (
				19E20F422B34979100461102 /* Common */,
				19E20F412B34978600461102 /* Core */,
				19E20F402B34978000461102 /* Feature */,
			);
			path = Module;
			sourceTree = "<group>";
		};
		19E20F402B34978000461102 /* Feature */ = {
			isa = PBXGroup;
			children = (
				19E20F442B3497C800461102 /* User Info */,
				19E20F432B3497BF00461102 /* Login */,
			);
			path = Feature;
			sourceTree = "<group>";
		};
		19E20F412B34978600461102 /* Core */ = {
			isa = PBXGroup;
			children = (
				19E20F452B3497D700461102 /* Data */,
			);
			path = Core;
			sourceTree = "<group>";
		};
		19E20F422B34979100461102 /* Common */ = {
			isa = PBXGroup;
			children = (
				19E20F2D2B34903E00461102 /* SceneDelegate.swift */,
				19E20F2B2B34903E00461102 /* AppDelegate.swift */,
			);
			path = Common;
			sourceTree = "<group>";
		};
		19E20F432B3497BF00461102 /* Login */ = {
			isa = PBXGroup;
			children = (
				19E20F2F2B34903E00461102 /* ViewController.swift */,
			);
			path = Login;
			sourceTree = "<group>";
		};
		19E20F442B3497C800461102 /* User Info */ = {
			isa = PBXGroup;
			children = (
			);
			path = "User Info";
			sourceTree = "<group>";
		};
		19E20F452B3497D700461102 /* Data */ = {
			isa = PBXGroup;
			children = (
				19E20F462B3497DD00461102 /* Remote */,
			);
			path = Data;
			sourceTree = "<group>";
		};
		19E20F462B3497DD00461102 /* Remote */ = {
			isa = PBXGroup;
			children = (
				19E20F472B3497EB00461102 /* Entities */,
				19E20F482B34985C00461102 /* UserRemoteDataSource.swift */,
			);
			path = Remote;
			sourceTree = "<group>";
		};
		19E20F472B3497EB00461102 /* Entities */ = {
			isa = PBXGroup;
			children = (
			);
			path = Entities;
			sourceTree = "<group>";
		};
/* End PBXGroup section */

/* Begin PBXNativeTarget section */
		19E20F272B34903E00461102 /* Project SALT */ = {
			isa = PBXNativeTarget;
			buildConfigurationList = 19E20F3C2B34904000461102 /* Build configuration list for PBXNativeTarget "Project SALT" */;
			buildPhases = (
				19E20F242B34903E00461102 /* Sources */,
				19E20F252B34903E00461102 /* Frameworks */,
				19E20F262B34903E00461102 /* Resources */,
			);
			buildRules = (
			);
			dependencies = (
			);
			name = "Project SALT";
			packageProductDependencies = (
				19E20F4B2B34990700461102 /* Alamofire */,
			);
			productName = "Project SALT";
			productReference = 19E20F282B34903E00461102 /* Project SALT.app */;
			productType = "com.apple.product-type.application";
		};
/* End PBXNativeTarget section */

/* Begin PBXProject section */
		19E20F202B34903E00461102 /* Project object */ = {
			isa = PBXProject;
			attributes = {
				BuildIndependentTargetsInParallel = 1;
				LastSwiftUpdateCheck = 1510;
				LastUpgradeCheck = 1510;
				TargetAttributes = {
					19E20F272B34903E00461102 = {
						CreatedOnToolsVersion = 15.1;
					};
				};
			};
			buildConfigurationList = 19E20F232B34903E00461102 /* Build configuration list for PBXProject "Project SALT" */;
			compatibilityVersion = "Xcode 14.0";
			developmentRegion = en;
			hasScannedForEncodings = 0;
			knownRegions = (
				en,
				Base,
			);
			mainGroup = 19E20F1F2B34903E00461102;
			packageReferences = (
				19E20F4A2B34990700461102 /* XCRemoteSwiftPackageReference "Alamofire" */,
			);
			productRefGroup = 19E20F292B34903E00461102 /* Products */;
			projectDirPath = "";
			projectRoot = "";
			targets = (
				19E20F272B34903E00461102 /* Project SALT */,
			);
		};
/* End PBXProject section */

/* Begin PBXResourcesBuildPhase section */
		19E20F262B34903E00461102 /* Resources */ = {
			isa = PBXResourcesBuildPhase;
			buildActionMask = 2147483647;
			files = (
				19E20F352B34904000461102 /* Assets.xcassets in Resources */,
				19E20F332B34903E00461102 /* Main.storyboard in Resources */,
			);
			runOnlyForDeploymentPostprocessing = 0;
		};
/* End PBXResourcesBuildPhase section */

/* Begin PBXSourcesBuildPhase section */
		19E20F242B34903E00461102 /* Sources */ = {
			isa = PBXSourcesBuildPhase;
			buildActionMask = 2147483647;
			files = (
				19E20F302B34903E00461102 /* ViewController.swift in Sources */,
				19E20F2C2B34903E00461102 /* AppDelegate.swift in Sources */,
				19E20F2E2B34903E00461102 /* SceneDelegate.swift in Sources */,
				19E20F492B34985C00461102 /* UserRemoteDataSource.swift in Sources */,
			);
			runOnlyForDeploymentPostprocessing = 0;
		};
/* End PBXSourcesBuildPhase section */

/* Begin PBXVariantGroup section */
		19E20F312B34903E00461102 /* Main.storyboard */ = {
			isa = PBXVariantGroup;
			children = (
				19E20F322B34903E00461102 /* Base */,
			);
			name = Main.storyboard;
			sourceTree = "<group>";
		};
/* End PBXVariantGroup section */

/* Begin XCBuildConfiguration section */
		19E20F3A2B34904000461102 /* Debug */ = {
			isa = XCBuildConfiguration;
			buildSettings = {
				ALWAYS_SEARCH_USER_PATHS = NO;
				ASSETCATALOG_COMPILER_GENERATE_SWIFT_ASSET_SYMBOL_EXTENSIONS = YES;
				CLANG_ANALYZER_NONNULL = YES;
				CLANG_ANALYZER_NUMBER_OBJECT_CONVERSION = YES_AGGRESSIVE;
				CLANG_CXX_LANGUAGE_STANDARD = "gnu++20";
				CLANG_ENABLE_MODULES = YES;
				CLANG_ENABLE_OBJC_ARC = YES;
				CLANG_ENABLE_OBJC_WEAK = YES;
				CLANG_WARN_BLOCK_CAPTURE_AUTORELEASING = YES;
				CLANG_WARN_BOOL_CONVERSION = YES;
				CLANG_WARN_COMMA = YES;
				CLANG_WARN_CONSTANT_CONVERSION = YES;
				CLANG_WARN_DEPRECATED_OBJC_IMPLEMENTATIONS = YES;
				CLANG_WARN_DIRECT_OBJC_ISA_USAGE = YES_ERROR;
				CLANG_WARN_DOCUMENTATION_COMMENTS = YES;
				CLANG_WARN_EMPTY_BODY = YES;
				CLANG_WARN_ENUM_CONVERSION = YES;
				CLANG_WARN_INFINITE_RECURSION = YES;
				CLANG_WARN_INT_CONVERSION = YES;
				CLANG_WARN_NON_LITERAL_NULL_CONVERSION = YES;
				CLANG_WARN_OBJC_IMPLICIT_RETAIN_SELF = YES;
				CLANG_WARN_OBJC_LITERAL_CONVERSION = YES;
				CLANG_WARN_OBJC_ROOT_CLASS = YES_ERROR;
				CLANG_WARN_QUOTED_INCLUDE_IN_FRAMEWORK_HEADER = YES;
				CLANG_WARN_RANGE_LOOP_ANALYSIS = YES;
				CLANG_WARN_STRICT_PROTOTYPES = YES;
				CLANG_WARN_SUSPICIOUS_MOVE = YES;
				CLANG_WARN_UNGUARDED_AVAILABILITY = YES_AGGRESSIVE;
				CLANG_WARN_UNREACHABLE_CODE = YES;
				CLANG_WARN__DUPLICATE_METHOD_MATCH = YES;
				COPY_PHASE_STRIP = NO;
				DEBUG_INFORMATION_FORMAT = dwarf;
				ENABLE_STRICT_OBJC_MSGSEND = YES;
				ENABLE_TESTABILITY = YES;
				ENABLE_USER_SCRIPT_SANDBOXING = YES;
				GCC_C_LANGUAGE_STANDARD = gnu17;
				GCC_DYNAMIC_NO_PIC = NO;
				GCC_NO_COMMON_BLOCKS = YES;
				GCC_OPTIMIZATION_LEVEL = 0;
				GCC_PREPROCESSOR_DEFINITIONS = (
					"DEBUG=1",
					"$(inherited)",
				);
				GCC_WARN_64_TO_32_BIT_CONVERSION = YES;
				GCC_WARN_ABOUT_RETURN_TYPE = YES_ERROR;
				GCC_WARN_UNDECLARED_SELECTOR = YES;
				GCC_WARN_UNINITIALIZED_AUTOS = YES_AGGRESSIVE;
				GCC_WARN_UNUSED_FUNCTION = YES;
				GCC_WARN_UNUSED_VARIABLE = YES;
				IPHONEOS_DEPLOYMENT_TARGET = 17.2;
				LOCALIZATION_PREFERS_STRING_CATALOGS = YES;
				MTL_ENABLE_DEBUG_INFO = INCLUDE_SOURCE;
				MTL_FAST_MATH = YES;
				ONLY_ACTIVE_ARCH = YES;
				SDKROOT = iphoneos;
				SWIFT_ACTIVE_COMPILATION_CONDITIONS = "DEBUG $(inherited)";
				SWIFT_OPTIMIZATION_LEVEL = "-Onone";
			};
			name = Debug;
		};
		19E20F3B2B34904000461102 /* Release */ = {
			isa = XCBuildConfiguration;
			buildSettings = {
				ALWAYS_SEARCH_USER_PATHS = NO;
				ASSETCATALOG_COMPILER_GENERATE_SWIFT_ASSET_SYMBOL_EXTENSIONS = YES;
				CLANG_ANALYZER_NONNULL = YES;
				CLANG_ANALYZER_NUMBER_OBJECT_CONVERSION = YES_AGGRESSIVE;
				CLANG_CXX_LANGUAGE_STANDARD = "gnu++20";
				CLANG_ENABLE_MODULES = YES;
				CLANG_ENABLE_OBJC_ARC = YES;
				CLANG_ENABLE_OBJC_WEAK = YES;
				CLANG_WARN_BLOCK_CAPTURE_AUTORELEASING = YES;
				CLANG_WARN_BOOL_CONVERSION = YES;
				CLANG_WARN_COMMA = YES;
				CLANG_WARN_CONSTANT_CONVERSION = YES;
				CLANG_WARN_DEPRECATED_OBJC_IMPLEMENTATIONS = YES;
				CLANG_WARN_DIRECT_OBJC_ISA_USAGE = YES_ERROR;
				CLANG_WARN_DOCUMENTATION_COMMENTS = YES;
				CLANG_WARN_EMPTY_BODY = YES;
				CLANG_WARN_ENUM_CONVERSION = YES;
				CLANG_WARN_INFINITE_RECURSION = YES;
				CLANG_WARN_INT_CONVERSION = YES;
				CLANG_WARN_NON_LITERAL_NULL_CONVERSION = YES;
				CLANG_WARN_OBJC_IMPLICIT_RETAIN_SELF = YES;
				CLANG_WARN_OBJC_LITERAL_CONVERSION = YES;
				CLANG_WARN_OBJC_ROOT_CLASS = YES_ERROR;
				CLANG_WARN_QUOTED_INCLUDE_IN_FRAMEWORK_HEADER = YES;
				CLANG_WARN_RANGE_LOOP_ANALYSIS = YES;
				CLANG_WARN_STRICT_PROTOTYPES = YES;
				CLANG_WARN_SUSPICIOUS_MOVE = YES;
				CLANG_WARN_UNGUARDED_AVAILABILITY = YES_AGGRESSIVE;
				CLANG_WARN_UNREACHABLE_CODE = YES;
				CLANG_WARN__DUPLICATE_METHOD_MATCH = YES;
				COPY_PHASE_STRIP = NO;
				DEBUG_INFORMATION_FORMAT = "dwarf-with-dsym";
				ENABLE_NS_ASSERTIONS = NO;
				ENABLE_STRICT_OBJC_MSGSEND = YES;
				ENABLE_USER_SCRIPT_SANDBOXING = YES;
				GCC_C_LANGUAGE_STANDARD = gnu17;
				GCC_NO_COMMON_BLOCKS = YES;
				GCC_WARN_64_TO_32_BIT_CONVERSION = YES;
				GCC_WARN_ABOUT_RETURN_TYPE = YES_ERROR;
				GCC_WARN_UNDECLARED_SELECTOR = YES;
				GCC_WARN_UNINITIALIZED_AUTOS = YES_AGGRESSIVE;
				GCC_WARN_UNUSED_FUNCTION = YES;
				GCC_WARN_UNUSED_VARIABLE = YES;
				IPHONEOS_DEPLOYMENT_TARGET = 17.2;
				LOCALIZATION_PREFERS_STRING_CATALOGS = YES;
				MTL_ENABLE_DEBUG_INFO = NO;
				MTL_FAST_MATH = YES;
				SDKROOT = iphoneos;
				SWIFT_COMPILATION_MODE = wholemodule;
				VALIDATE_PRODUCT = YES;
			};
			name = Release;
		};
		19E20F3D2B34904000461102 /* Debug */ = {
			isa = XCBuildConfiguration;
			buildSettings = {
				ASSETCATALOG_COMPILER_APPICON_NAME = AppIcon;
				ASSETCATALOG_COMPILER_GLOBAL_ACCENT_COLOR_NAME = AccentColor;
				CODE_SIGN_STYLE = Automatic;
				CURRENT_PROJECT_VERSION = 1;
				DEVELOPMENT_TEAM = 282R274LXF;
				GENERATE_INFOPLIST_FILE = YES;
				INFOPLIST_FILE = "Project SALT/Info.plist";
				INFOPLIST_KEY_UIApplicationSupportsIndirectInputEvents = YES;
				INFOPLIST_KEY_UILaunchStoryboardName = LaunchScreen;
				INFOPLIST_KEY_UIMainStoryboardFile = Main;
				INFOPLIST_KEY_UISupportedInterfaceOrientations_iPad = "UIInterfaceOrientationPortrait UIInterfaceOrientationPortraitUpsideDown UIInterfaceOrientationLandscapeLeft UIInterfaceOrientationLandscapeRight";
				INFOPLIST_KEY_UISupportedInterfaceOrientations_iPhone = "UIInterfaceOrientationPortrait UIInterfaceOrientationLandscapeLeft UIInterfaceOrientationLandscapeRight";
				LD_RUNPATH_SEARCH_PATHS = (
					"$(inherited)",
					"@executable_path/Frameworks",
				);
				MARKETING_VERSION = 1.0;
				PRODUCT_BUNDLE_IDENTIFIER = "Arya.Project-SALT";
				PRODUCT_NAME = "$(TARGET_NAME)";
				SWIFT_EMIT_LOC_STRINGS = YES;
				SWIFT_VERSION = 5.0;
				TARGETED_DEVICE_FAMILY = "1,2";
			};
			name = Debug;
		};
		19E20F3E2B34904000461102 /* Release */ = {
			isa = XCBuildConfiguration;
			buildSettings = {
				ASSETCATALOG_COMPILER_APPICON_NAME = AppIcon;
				ASSETCATALOG_COMPILER_GLOBAL_ACCENT_COLOR_NAME = AccentColor;
				CODE_SIGN_STYLE = Automatic;
				CURRENT_PROJECT_VERSION = 1;
				DEVELOPMENT_TEAM = 282R274LXF;
				GENERATE_INFOPLIST_FILE = YES;
				INFOPLIST_FILE = "Project SALT/Info.plist";
				INFOPLIST_KEY_UIApplicationSupportsIndirectInputEvents = YES;
				INFOPLIST_KEY_UILaunchStoryboardName = LaunchScreen;
				INFOPLIST_KEY_UIMainStoryboardFile = Main;
				INFOPLIST_KEY_UISupportedInterfaceOrientations_iPad = "UIInterfaceOrientationPortrait UIInterfaceOrientationPortraitUpsideDown UIInterfaceOrientationLandscapeLeft UIInterfaceOrientationLandscapeRight";
				INFOPLIST_KEY_UISupportedInterfaceOrientations_iPhone = "UIInterfaceOrientationPortrait UIInterfaceOrientationLandscapeLeft UIInterfaceOrientationLandscapeRight";
				LD_RUNPATH_SEARCH_PATHS = (
					"$(inherited)",
					"@executable_path/Frameworks",
				);
				MARKETING_VERSION = 1.0;
				PRODUCT_BUNDLE_IDENTIFIER = "Arya.Project-SALT";
				PRODUCT_NAME = "$(TARGET_NAME)";
				SWIFT_EMIT_LOC_STRINGS = YES;
				SWIFT_VERSION = 5.0;
				TARGETED_DEVICE_FAMILY = "1,2";
			};
			name = Release;
		};
/* End XCBuildConfiguration section */

/* Begin XCConfigurationList section */
		19E20F232B34903E00461102 /* Build configuration list for PBXProject "Project SALT" */ = {
			isa = XCConfigurationList;
			buildConfigurations = (
				19E20F3A2B34904000461102 /* Debug */,
				19E20F3B2B34904000461102 /* Release */,
			);
			defaultConfigurationIsVisible = 0;
			defaultConfigurationName = Release;
		};
		19E20F3C2B34904000461102 /* Build configuration list for PBXNativeTarget "Project SALT" */ = {
			isa = XCConfigurationList;
			buildConfigurations = (
				19E20F3D2B34904000461102 /* Debug */,
				19E20F3E2B34904000461102 /* Release */,
			);
			defaultConfigurationIsVisible = 0;
			defaultConfigurationName = Release;
		};
/* End XCConfigurationList section */

/* Begin XCRemoteSwiftPackageReference section */
		19E20F4A2B34990700461102 /* XCRemoteSwiftPackageReference "Alamofire" */ = {
			isa = XCRemoteSwiftPackageReference;
			repositoryURL = "https://github.com/Alamofire/Alamofire";
			requirement = {
				kind = exactVersion;
				version = 5.8.1;
			};
		};
/* End XCRemoteSwiftPackageReference section */

/* Begin XCSwiftPackageProductDependency section */
		19E20F4B2B34990700461102 /* Alamofire */ = {
			isa = XCSwiftPackageProductDependency;
			package = 19E20F4A2B34990700461102 /* XCRemoteSwiftPackageReference "Alamofire" */;
			productName = Alamofire;
		};
/* End XCSwiftPackageProductDependency section */
	};
	rootObject = 19E20F202B34903E00461102 /* Project object */;
}
